{
  "name": "consumer",
  "version": "1.0.0",
  "lockfileVersion": 2,
  "requires": true,
  "packages": {
    "": {
      "name": "consumer",
      "version": "1.0.0",
      "license": "ISC",
      "dependencies": {
        "shared": "file:../shared",
        "slate": "^0.101.5",
        "slate-history": "^0.100.0",
        "slate-react": "^0.101.5"
      }
    },
    "../shared": {
      "version": "1.0.0",
      "license": "ISC",
      "peerDependencies": {
        "slate": "^0.101.5",
        "slate-history": "^0.100.0"
      }
    },
    "node_modules/@juggle/resize-observer": {
      "version": "3.4.0",
      "resolved": "https://registry.npmjs.org/@juggle/resize-observer/-/resize-observer-3.4.0.tgz",
      "integrity": "sha512-dfLbk+PwWvFzSxwk3n5ySL0hfBog779o8h68wK/7/APo/7cgyWp5jcXockbxdk5kFRkbeXWm4Fbi9FrdN381sA=="
    },
    "node_modules/@types/is-hotkey": {
      "version": "0.1.10",
      "resolved": "https://registry.npmjs.org/@types/is-hotkey/-/is-hotkey-0.1.10.tgz",
      "integrity": "sha512-RvC8KMw5BCac1NvRRyaHgMMEtBaZ6wh0pyPTBu7izn4Sj/AX9Y4aXU5c7rX8PnM/knsuUpC1IeoBkANtxBypsQ=="
    },
    "node_modules/@types/lodash": {
      "version": "4.14.202",
      "resolved": "https://registry.npmjs.org/@types/lodash/-/lodash-4.14.202.tgz",
      "integrity": "sha512-OvlIYQK9tNneDlS0VN54LLd5uiPCBOp7gS5Z0f1mjoJYBrtStzgmJBxONW3U6OZqdtNzZPmn9BS/7WI7BFFcFQ=="
    },
    "node_modules/compute-scroll-into-view": {
      "version": "3.1.0",
      "resolved": "https://registry.npmjs.org/compute-scroll-into-view/-/compute-scroll-into-view-3.1.0.tgz",
      "integrity": "sha512-rj8l8pD4bJ1nx+dAkMhV1xB5RuZEyVysfxJqB1pRchh1KVvwOv9b7CGB8ZfjTImVv2oF+sYMUkMZq6Na5Ftmbg=="
    },
    "node_modules/direction": {
      "version": "1.0.4",
      "resolved": "https://registry.npmjs.org/direction/-/direction-1.0.4.tgz",
      "integrity": "sha512-GYqKi1aH7PJXxdhTeZBFrg8vUBeKXi+cNprXsC1kpJcbcVnV9wBsrOu1cQEdG0WeQwlfHiy3XvnKfIrJ2R0NzQ==",
      "bin": {
        "direction": "cli.js"
      },
      "funding": {
        "type": "github",
        "url": "https://github.com/sponsors/wooorm"
      }
    },
    "node_modules/immer": {
      "version": "10.0.3",
      "resolved": "https://registry.npmjs.org/immer/-/immer-10.0.3.tgz",
      "integrity": "sha512-pwupu3eWfouuaowscykeckFmVTpqbzW+rXFCX8rQLkZzM9ftBmU/++Ra+o+L27mz03zJTlyV4UUr+fdKNffo4A==",
      "funding": {
        "type": "opencollective",
        "url": "https://opencollective.com/immer"
      }
    },
    "node_modules/is-hotkey": {
      "version": "0.2.0",
      "resolved": "https://registry.npmjs.org/is-hotkey/-/is-hotkey-0.2.0.tgz",
      "integrity": "sha512-UknnZK4RakDmTgz4PI1wIph5yxSs/mvChWs9ifnlXsKuXgWmOkY/hAE0H/k2MIqH0RlRye0i1oC07MCRSD28Mw=="
    },
    "node_modules/is-plain-object": {
      "version": "5.0.0",
      "resolved": "https://registry.npmjs.org/is-plain-object/-/is-plain-object-5.0.0.tgz",
      "integrity": "sha512-VRSzKkbMm5jMDoKLbltAkFQ5Qr7VDiTFGXxYFXXowVj387GeGNOCsOH6Msy00SGZ3Fp84b1Naa1psqgcCIEP5Q==",
      "engines": {
        "node": ">=0.10.0"
      }
    },
    "node_modules/js-tokens": {
      "version": "4.0.0",
      "resolved": "https://registry.npmjs.org/js-tokens/-/js-tokens-4.0.0.tgz",
      "integrity": "sha512-RdJUflcE3cUzKiMqQgsCu06FPu9UdIJO0beYbPhHN4k6apgJtifcoCtT9bcxOpYBtpD2kCM6Sbzg4CausW/PKQ==",
      "peer": true
    },
    "node_modules/lodash": {
      "version": "4.17.21",
      "resolved": "https://registry.npmjs.org/lodash/-/lodash-4.17.21.tgz",
      "integrity": "sha512-v2kDEe57lecTulaDIuNTPy3Ry4gLGJ6Z1O3vE1krgXZNrsQ+LFTGHVxVjcXPs17LhbZVGedAJv8XZ1tvj5FvSg=="
    },
    "node_modules/loose-envify": {
      "version": "1.4.0",
      "resolved": "https://registry.npmjs.org/loose-envify/-/loose-envify-1.4.0.tgz",
      "integrity": "sha512-lyuxPGr/Wfhrlem2CL/UcnUc1zcqKAImBDzukY7Y5F/yQiNdko6+fRLevlw1HgMySw7f611UIY408EtxRSoK3Q==",
      "peer": true,
      "dependencies": {
        "js-tokens": "^3.0.0 || ^4.0.0"
      },
      "bin": {
        "loose-envify": "cli.js"
      }
    },
    "node_modules/react": {
      "version": "18.2.0",
      "resolved": "https://registry.npmjs.org/react/-/react-18.2.0.tgz",
      "integrity": "sha512-/3IjMdb2L9QbBdWiW5e3P2/npwMBaU9mHCSCUzNln0ZCYbcfTsGbTJrU/kGemdH2IWmB2ioZ+zkxtmq6g09fGQ==",
      "peer": true,
      "dependencies": {
        "loose-envify": "^1.1.0"
      },
      "engines": {
        "node": ">=0.10.0"
      }
    },
    "node_modules/react-dom": {
      "version": "18.2.0",
      "resolved": "https://registry.npmjs.org/react-dom/-/react-dom-18.2.0.tgz",
      "integrity": "sha512-6IMTriUmvsjHUjNtEDudZfuDQUoWXVxKHhlEGSk81n4YFS+r/Kl99wXiwlVXtPBtJenozv2P+hxDsw9eA7Xo6g==",
      "peer": true,
      "dependencies": {
        "loose-envify": "^1.1.0",
        "scheduler": "^0.23.0"
      },
      "peerDependencies": {
        "react": "^18.2.0"
      }
    },
    "node_modules/scheduler": {
      "version": "0.23.0",
      "resolved": "https://registry.npmjs.org/scheduler/-/scheduler-0.23.0.tgz",
      "integrity": "sha512-CtuThmgHNg7zIZWAXi3AsyIzA3n4xx7aNyjwC2VJldO2LMVDhFK+63xGqq6CsJH4rTAt6/M+N4GhZiDYPx9eUw==",
      "peer": true,
      "dependencies": {
        "loose-envify": "^1.1.0"
      }
    },
    "node_modules/scroll-into-view-if-needed": {
      "version": "3.1.0",
      "resolved": "https://registry.npmjs.org/scroll-into-view-if-needed/-/scroll-into-view-if-needed-3.1.0.tgz",
      "integrity": "sha512-49oNpRjWRvnU8NyGVmUaYG4jtTkNonFZI86MmGRDqBphEK2EXT9gdEUoQPZhuBM8yWHxCWbobltqYO5M4XrUvQ==",
      "dependencies": {
        "compute-scroll-into-view": "^3.0.2"
      }
    },
    "node_modules/shared": {
      "resolved": "../shared",
      "link": true
    },
    "node_modules/slate": {
      "version": "0.101.5",
      "resolved": "https://registry.npmjs.org/slate/-/slate-0.101.5.tgz",
      "integrity": "sha512-ZZt1ia8ayRqxtpILRMi2a4MfdvwdTu64CorxTVq9vNSd0GQ/t3YDkze6wKjdeUtENmBlq5wNIDInZbx38Hfu5Q==",
      "dependencies": {
        "immer": "^10.0.3",
        "is-plain-object": "^5.0.0",
        "tiny-warning": "^1.0.3"
      }
    },
    "node_modules/slate-history": {
      "version": "0.100.0",
      "resolved": "https://registry.npmjs.org/slate-history/-/slate-history-0.100.0.tgz",
      "integrity": "sha512-x5rUuWLNtH97hs9PrFovGgt3Qc5zkTm/5mcUB+0NR/TK923eLax4HsL6xACLHMs245nI6aJElyM1y6hN0y5W/Q==",
      "dependencies": {
        "is-plain-object": "^5.0.0"
      },
      "peerDependencies": {
        "slate": ">=0.65.3"
      }
    },
    "node_modules/slate-react": {
      "version": "0.101.5",
      "resolved": "https://registry.npmjs.org/slate-react/-/slate-react-0.101.5.tgz",
      "integrity": "sha512-KfnC1Je7dIZo1Uv4g5d1+No8hKkgXKcSEGGOH7zzZEX9iYGckSg6aBgO0hFmoilidowSiSU45/baL5aeYma9Vg==",
      "dependencies": {
        "@juggle/resize-observer": "^3.4.0",
        "@types/is-hotkey": "^0.1.8",
        "@types/lodash": "^4.14.200",
        "direction": "^1.0.4",
        "is-hotkey": "^0.2.0",
        "is-plain-object": "^5.0.0",
        "lodash": "^4.17.21",
        "scroll-into-view-if-needed": "^3.1.0",
        "tiny-invariant": "1.3.1"
      },
      "peerDependencies": {
        "react": ">=18.2.0",
        "react-dom": ">=18.2.0",
        "slate": ">=0.99.0"
      }
    },
    "node_modules/tiny-invariant": {
      "version": "1.3.1",
      "resolved": "https://registry.npmjs.org/tiny-invariant/-/tiny-invariant-1.3.1.tgz",
      "integrity": "sha512-AD5ih2NlSssTCwsMznbvwMZpJ1cbhkGd2uueNxzv2jDlEeZdU04JQfRnggJQ8DrcVBGjAsCKwFBbDlVNtEMlzw=="
    },
    "node_modules/tiny-warning": {
      "version": "1.0.3",
      "resolved": "https://registry.npmjs.org/tiny-warning/-/tiny-warning-1.0.3.tgz",
      "integrity": "sha512-lBN9zLN/oAf68o3zNXYrdCt1kP8WsiGW8Oo2ka41b2IM5JL/S1CTyX1rW0mb/zSuJun0ZUrDxx4sqvYS2FWzPA=="
    }
  },
  "dependencies": {
    "@juggle/resize-observer": {
      "version": "3.4.0",
      "resolved": "https://registry.npmjs.org/@juggle/resize-observer/-/resize-observer-3.4.0.tgz",
      "integrity": "sha512-dfLbk+PwWvFzSxwk3n5ySL0hfBog779o8h68wK/7/APo/7cgyWp5jcXockbxdk5kFRkbeXWm4Fbi9FrdN381sA=="
    },
    "@types/is-hotkey": {
      "version": "0.1.10",
      "resolved": "https://registry.npmjs.org/@types/is-hotkey/-/is-hotkey-0.1.10.tgz",
      "integrity": "sha512-RvC8KMw5BCac1NvRRyaHgMMEtBaZ6wh0pyPTBu7izn4Sj/AX9Y4aXU5c7rX8PnM/knsuUpC1IeoBkANtxBypsQ=="
    },
    "@types/lodash": {
      "version": "4.14.202",
      "resolved": "https://registry.npmjs.org/@types/lodash/-/lodash-4.14.202.tgz",
      "integrity": "sha512-OvlIYQK9tNneDlS0VN54LLd5uiPCBOp7gS5Z0f1mjoJYBrtStzgmJBxONW3U6OZqdtNzZPmn9BS/7WI7BFFcFQ=="
    },
    "compute-scroll-into-view": {
      "version": "3.1.0",
      "resolved": "https://registry.npmjs.org/compute-scroll-into-view/-/compute-scroll-into-view-3.1.0.tgz",
      "integrity": "sha512-rj8l8pD4bJ1nx+dAkMhV1xB5RuZEyVysfxJqB1pRchh1KVvwOv9b7CGB8ZfjTImVv2oF+sYMUkMZq6Na5Ftmbg=="
    },
    "direction": {
      "version": "1.0.4",
      "resolved": "https://registry.npmjs.org/direction/-/direction-1.0.4.tgz",
      "integrity": "sha512-GYqKi1aH7PJXxdhTeZBFrg8vUBeKXi+cNprXsC1kpJcbcVnV9wBsrOu1cQEdG0WeQwlfHiy3XvnKfIrJ2R0NzQ=="
    },
    "immer": {
      "version": "10.0.3",
      "resolved": "https://registry.npmjs.org/immer/-/immer-10.0.3.tgz",
      "integrity": "sha512-pwupu3eWfouuaowscykeckFmVTpqbzW+rXFCX8rQLkZzM9ftBmU/++Ra+o+L27mz03zJTlyV4UUr+fdKNffo4A=="
    },
    "is-hotkey": {
      "version": "0.2.0",
      "resolved": "https://registry.npmjs.org/is-hotkey/-/is-hotkey-0.2.0.tgz",
      "integrity": "sha512-UknnZK4RakDmTgz4PI1wIph5yxSs/mvChWs9ifnlXsKuXgWmOkY/hAE0H/k2MIqH0RlRye0i1oC07MCRSD28Mw=="
    },
    "is-plain-object": {
      "version": "5.0.0",
      "resolved": "https://registry.npmjs.org/is-plain-object/-/is-plain-object-5.0.0.tgz",
      "integrity": "sha512-VRSzKkbMm5jMDoKLbltAkFQ5Qr7VDiTFGXxYFXXowVj387GeGNOCsOH6Msy00SGZ3Fp84b1Naa1psqgcCIEP5Q=="
    },
    "js-tokens": {
      "version": "4.0.0",
      "resolved": "https://registry.npmjs.org/js-tokens/-/js-tokens-4.0.0.tgz",
      "integrity": "sha512-RdJUflcE3cUzKiMqQgsCu06FPu9UdIJO0beYbPhHN4k6apgJtifcoCtT9bcxOpYBtpD2kCM6Sbzg4CausW/PKQ==",
      "peer": true
    },
    "lodash": {
      "version": "4.17.21",
      "resolved": "https://registry.npmjs.org/lodash/-/lodash-4.17.21.tgz",
      "integrity": "sha512-v2kDEe57lecTulaDIuNTPy3Ry4gLGJ6Z1O3vE1krgXZNrsQ+LFTGHVxVjcXPs17LhbZVGedAJv8XZ1tvj5FvSg=="
    },
    "loose-envify": {
      "version": "1.4.0",
      "resolved": "https://registry.npmjs.org/loose-envify/-/loose-envify-1.4.0.tgz",
      "integrity": "sha512-lyuxPGr/Wfhrlem2CL/UcnUc1zcqKAImBDzukY7Y5F/yQiNdko6+fRLevlw1HgMySw7f611UIY408EtxRSoK3Q==",
      "peer": true,
      "requires": {
        "js-tokens": "^3.0.0 || ^4.0.0"
      }
    },
    "react": {
      "version": "18.2.0",
      "resolved": "https://registry.npmjs.org/react/-/react-18.2.0.tgz",
      "integrity": "sha512-/3IjMdb2L9QbBdWiW5e3P2/npwMBaU9mHCSCUzNln0ZCYbcfTsGbTJrU/kGemdH2IWmB2ioZ+zkxtmq6g09fGQ==",
      "peer": true,
      "requires": {
        "loose-envify": "^1.1.0"
      }
    },
    "react-dom": {
      "version": "18.2.0",
      "resolved": "https://registry.npmjs.org/react-dom/-/react-dom-18.2.0.tgz",
      "integrity": "sha512-6IMTriUmvsjHUjNtEDudZfuDQUoWXVxKHhlEGSk81n4YFS+r/Kl99wXiwlVXtPBtJenozv2P+hxDsw9eA7Xo6g==",
      "peer": true,
      "requires": {
        "loose-envify": "^1.1.0",
        "scheduler": "^0.23.0"
      }
    },
    "scheduler": {
      "version": "0.23.0",
      "resolved": "https://registry.npmjs.org/scheduler/-/scheduler-0.23.0.tgz",
      "integrity": "sha512-CtuThmgHNg7zIZWAXi3AsyIzA3n4xx7aNyjwC2VJldO2LMVDhFK+63xGqq6CsJH4rTAt6/M+N4GhZiDYPx9eUw==",
      "peer": true,
      "requires": {
        "loose-envify": "^1.1.0"
      }
    },
    "scroll-into-view-if-needed": {
      "version": "3.1.0",
      "resolved": "https://registry.npmjs.org/scroll-into-view-if-needed/-/scroll-into-view-if-needed-3.1.0.tgz",
      "integrity": "sha512-49oNpRjWRvnU8NyGVmUaYG4jtTkNonFZI86MmGRDqBphEK2EXT9gdEUoQPZhuBM8yWHxCWbobltqYO5M4XrUvQ==",
      "requires": {
        "compute-scroll-into-view": "^3.0.2"
      }
    },
    "shared": {
      "version": "file:../shared",
      "requires": {}
    },
    "slate": {
      "version": "0.101.5",
      "resolved": "https://registry.npmjs.org/slate/-/slate-0.101.5.tgz",
      "integrity": "sha512-ZZt1ia8ayRqxtpILRMi2a4MfdvwdTu64CorxTVq9vNSd0GQ/t3YDkze6wKjdeUtENmBlq5wNIDInZbx38Hfu5Q==",
      "requires": {
        "immer": "^10.0.3",
        "is-plain-object": "^5.0.0",
        "tiny-warning": "^1.0.3"
      }
    },
    "slate-history": {
      "version": "0.100.0",
      "resolved": "https://registry.npmjs.org/slate-history/-/slate-history-0.100.0.tgz",
      "integrity": "sha512-x5rUuWLNtH97hs9PrFovGgt3Qc5zkTm/5mcUB+0NR/TK923eLax4HsL6xACLHMs245nI6aJElyM1y6hN0y5W/Q==",
      "requires": {
        "is-plain-object": "^5.0.0"
      }
    },
    "slate-react": {
      "version": "0.101.5",
      "resolved": "https://registry.npmjs.org/slate-react/-/slate-react-0.101.5.tgz",
      "integrity": "sha512-KfnC1Je7dIZo1Uv4g5d1+No8hKkgXKcSEGGOH7zzZEX9iYGckSg6aBgO0hFmoilidowSiSU45/baL5aeYma9Vg==",
      "requires": {
        "@juggle/resize-observer": "^3.4.0",
        "@types/is-hotkey": "^0.1.8",
        "@types/lodash": "^4.14.200",
        "direction": "^1.0.4",
        "is-hotkey": "^0.2.0",
        "is-plain-object": "^5.0.0",
        "lodash": "^4.17.21",
        "scroll-into-view-if-needed": "^3.1.0",
        "tiny-invariant": "1.3.1"
      }
    },
    "tiny-invariant": {
      "version": "1.3.1",
      "resolved": "https://registry.npmjs.org/tiny-invariant/-/tiny-invariant-1.3.1.tgz",
      "integrity": "sha512-AD5ih2NlSssTCwsMznbvwMZpJ1cbhkGd2uueNxzv2jDlEeZdU04JQfRnggJQ8DrcVBGjAsCKwFBbDlVNtEMlzw=="
    },
    "tiny-warning": {
      "version": "1.0.3",
      "resolved": "https://registry.npmjs.org/tiny-warning/-/tiny-warning-1.0.3.tgz",
      "integrity": "sha512-lBN9zLN/oAf68o3zNXYrdCt1kP8WsiGW8Oo2ka41b2IM5JL/S1CTyX1rW0mb/zSuJun0ZUrDxx4sqvYS2FWzPA=="
    }
  }
}
