{
  "name": "shared",
  "version": "1.0.0",
  "lockfileVersion": 2,
  "requires": true,
  "packages": {
    "": {
      "name": "shared",
      "version": "1.0.0",
      "license": "ISC",
      "peerDependencies": {
        "slate": "^0.101.5",
        "slate-history": "^0.100.0"
      }
    },
    "node_modules/immer": {
      "version": "10.0.3",
      "resolved": "https://registry.npmjs.org/immer/-/immer-10.0.3.tgz",
      "integrity": "sha512-pwupu3eWfouuaowscykeckFmVTpqbzW+rXFCX8rQLkZzM9ftBmU/++Ra+o+L27mz03zJTlyV4UUr+fdKNffo4A==",
      "peer": true,
      "funding": {
        "type": "opencollective",
        "url": "https://opencollective.com/immer"
      }
    },
    "node_modules/is-plain-object": {
      "version": "5.0.0",
      "resolved": "https://registry.npmjs.org/is-plain-object/-/is-plain-object-5.0.0.tgz",
      "integrity": "sha512-VRSzKkbMm5jMDoKLbltAkFQ5Qr7VDiTFGXxYFXXowVj387GeGNOCsOH6Msy00SGZ3Fp84b1Naa1psqgcCIEP5Q==",
      "peer": true,
      "engines": {
        "node": ">=0.10.0"
      }
    },
    "node_modules/slate": {
      "version": "0.101.5",
      "resolved": "https://registry.npmjs.org/slate/-/slate-0.101.5.tgz",
      "integrity": "sha512-ZZt1ia8ayRqxtpILRMi2a4MfdvwdTu64CorxTVq9vNSd0GQ/t3YDkze6wKjdeUtENmBlq5wNIDInZbx38Hfu5Q==",
      "peer": true,
      "dependencies": {
        "immer": "^10.0.3",
        "is-plain-object": "^5.0.0",
        "tiny-warning": "^1.0.3"
      }
    },
    "node_modules/slate-history": {
      "version": "0.100.0",
      "resolved": "https://registry.npmjs.org/slate-history/-/slate-history-0.100.0.tgz",
      "integrity": "sha512-x5rUuWLNtH97hs9PrFovGgt3Qc5zkTm/5mcUB+0NR/TK923eLax4HsL6xACLHMs245nI6aJElyM1y6hN0y5W/Q==",
      "peer": true,
      "dependencies": {
        "is-plain-object": "^5.0.0"
      },
      "peerDependencies": {
        "slate": ">=0.65.3"
      }
    },
    "node_modules/tiny-warning": {
      "version": "1.0.3",
      "resolved": "https://registry.npmjs.org/tiny-warning/-/tiny-warning-1.0.3.tgz",
      "integrity": "sha512-lBN9zLN/oAf68o3zNXYrdCt1kP8WsiGW8Oo2ka41b2IM5JL/S1CTyX1rW0mb/zSuJun0ZUrDxx4sqvYS2FWzPA==",
      "peer": true
    }
  },
  "dependencies": {
    "immer": {
      "version": "10.0.3",
      "resolved": "https://registry.npmjs.org/immer/-/immer-10.0.3.tgz",
      "integrity": "sha512-pwupu3eWfouuaowscykeckFmVTpqbzW+rXFCX8rQLkZzM9ftBmU/++Ra+o+L27mz03zJTlyV4UUr+fdKNffo4A==",
      "peer": true
    },
    "is-plain-object": {
      "version": "5.0.0",
      "resolved": "https://registry.npmjs.org/is-plain-object/-/is-plain-object-5.0.0.tgz",
      "integrity": "sha512-VRSzKkbMm5jMDoKLbltAkFQ5Qr7VDiTFGXxYFXXowVj387GeGNOCsOH6Msy00SGZ3Fp84b1Naa1psqgcCIEP5Q==",
      "peer": true
    },
    "slate": {
      "version": "0.101.5",
      "resolved": "https://registry.npmjs.org/slate/-/slate-0.101.5.tgz",
      "integrity": "sha512-ZZt1ia8ayRqxtpILRMi2a4MfdvwdTu64CorxTVq9vNSd0GQ/t3YDkze6wKjdeUtENmBlq5wNIDInZbx38Hfu5Q==",
      "peer": true,
      "requires": {
        "immer": "^10.0.3",
        "is-plain-object": "^5.0.0",
        "tiny-warning": "^1.0.3"
      }
    },
    "slate-history": {
      "version": "0.100.0",
      "resolved": "https://registry.npmjs.org/slate-history/-/slate-history-0.100.0.tgz",
      "integrity": "sha512-x5rUuWLNtH97hs9PrFovGgt3Qc5zkTm/5mcUB+0NR/TK923eLax4HsL6xACLHMs245nI6aJElyM1y6hN0y5W/Q==",
      "peer": true,
      "requires": {
        "is-plain-object": "^5.0.0"
      }
    },
    "tiny-warning": {
      "version": "1.0.3",
      "resolved": "https://registry.npmjs.org/tiny-warning/-/tiny-warning-1.0.3.tgz",
      "integrity": "sha512-lBN9zLN/oAf68o3zNXYrdCt1kP8WsiGW8Oo2ka41b2IM5JL/S1CTyX1rW0mb/zSuJun0ZUrDxx4sqvYS2FWzPA==",
      "peer": true
    }
  }
}
